Microsoft Visual Studio Solution File, Format Version 11.00
# Visual Studio 2008

Project("{07BF11D0-8DC0-D45A-188A-4D03A04FD397}") = "Monster Tale", "Assembly-CSharp.csproj", "{77CDD7DF-4975-8D06-7D43-527A7AC9CF37}"
EndProject
Project("{07BF11D0-8DC0-D45A-188A-4D03A04FD397}") = "Monster Tale", "Assembly-CSharp-Editor.csproj", "{84BF2DDD-6236-C0B0-5F5B-911DE920B9B0}"
EndProject
Global
	GlobalSection(SolutionConfigurationPlatforms) = preSolution
		Debug|Any CPU = Debug|Any CPU
		Release|Any CPU = Release|Any CPU
	EndGlobalSection
	GlobalSection(ProjectConfigurationPlatforms) = postSolution
		{77CDD7DF-4975-8D06-7D43-527A7AC9CF37}.Debug|Any CPU.ActiveCfg = Debug|Any CPU
		{77CDD7DF-4975-8D06-7D43-527A7AC9CF37}.Debug|Any CPU.Build.0 = Debug|Any CPU
		{77CDD7DF-4975-8D06-7D43-527A7AC9CF37}.Release|Any CPU.ActiveCfg = Release|Any CPU
		{77CDD7DF-4975-8D06-7D43-527A7AC9CF37}.Release|Any CPU.Build.0 = Release|Any CPU
		{84BF2DDD-6236-C0B0-5F5B-911DE920B9B0}.Debug|Any CPU.ActiveCfg = Debug|Any CPU
		{84BF2DDD-6236-C0B0-5F5B-911DE920B9B0}.Debug|Any CPU.Build.0 = Debug|Any CPU
		{84BF2DDD-6236-C0B0-5F5B-911DE920B9B0}.Release|Any CPU.ActiveCfg = Release|Any CPU
		{84BF2DDD-6236-C0B0-5F5B-911DE920B9B0}.Release|Any CPU.Build.0 = Release|Any CPU
	EndGlobalSection
	GlobalSection(SolutionProperties) = preSolution
		HideSolutionNode = FALSE
	EndGlobalSection
	GlobalSection(MonoDevelopProperties) = preSolution
		StartupItem = Assembly-CSharp.csproj
	EndGlobalSection
EndGlobal
