
Microsoft Visual Studio Solution File, Format Version 12.00
# Visual Studio 2015
Project("{FAE04EC0-301F-11D3-BF4B-00C04F79EFBC}") = "Monster Tale.CSharp", "Monster Tale.CSharp.csproj", "{417A1493-3A39-C5CE-3773-62BD99B7801A}"
EndProject
Project("{FAE04EC0-301F-11D3-BF4B-00C04F79EFBC}") = "Monster Tale.CSharp.Editor", "Monster Tale.CSharp.Editor.csproj", "{38840E33-A569-2CC6-EBE9-7AA7D7C8D4BC}"
EndProject
Global
	GlobalSection(SolutionConfigurationPlatforms) = preSolution
		Debug|Any CPU = Debug|Any CPU
		Release|Any CPU = Release|Any CPU
	EndGlobalSection
	GlobalSection(ProjectConfigurationPlatforms) = postSolution
		{417A1493-3A39-C5CE-3773-62BD99B7801A}.Debug|Any CPU.ActiveCfg = Debug|Any CPU
		{417A1493-3A39-C5CE-3773-62BD99B7801A}.Debug|Any CPU.Build.0 = Debug|Any CPU
		{417A1493-3A39-C5CE-3773-62BD99B7801A}.Release|Any CPU.ActiveCfg = Release|Any CPU
		{417A1493-3A39-C5CE-3773-62BD99B7801A}.Release|Any CPU.Build.0 = Release|Any CPU
		{38840E33-A569-2CC6-EBE9-7AA7D7C8D4BC}.Debug|Any CPU.ActiveCfg = Debug|Any CPU
		{38840E33-A569-2CC6-EBE9-7AA7D7C8D4BC}.Debug|Any CPU.Build.0 = Debug|Any CPU
		{38840E33-A569-2CC6-EBE9-7AA7D7C8D4BC}.Release|Any CPU.ActiveCfg = Release|Any CPU
		{38840E33-A569-2CC6-EBE9-7AA7D7C8D4BC}.Release|Any CPU.Build.0 = Release|Any CPU
	EndGlobalSection
	GlobalSection(SolutionProperties) = preSolution
		HideSolutionNode = FALSE
	EndGlobalSection
EndGlobal
